// !$*UTF8*$!
{
	archiveVersion = 1;
	classes = {
	};
	objectVersion = 55;
	objects = {

/* Begin PBXBuildFile section */
		AD1511BC28AB96DD00DC5620 /* AppDelegate.swift in Sources */ = {isa = PBXBuildFile; fileRef = AD1511BB28AB96DD00DC5620 /* AppDelegate.swift */; };
		AD1511BE28AB96DD00DC5620 /* SceneDelegate.swift in Sources */ = {isa = PBXBuildFile; fileRef = AD1511BD28AB96DD00DC5620 /* SceneDelegate.swift */; };
		AD1511C028AB96DD00DC5620 /* RecentPhotosTableViewController.swift in Sources */ = {isa = PBXBuildFile; fileRef = AD1511BF28AB96DD00DC5620 /* RecentPhotosTableViewController.swift */; };
		AD1511C328AB96DD00DC5620 /* Main.storyboard in Resources */ = {isa = PBXBuildFile; fileRef = AD1511C128AB96DD00DC5620 /* Main.storyboard */; };
		AD1511C528AB96DF00DC5620 /* Assets.xcassets in Resources */ = {isa = PBXBuildFile; fileRef = AD1511C428AB96DF00DC5620 /* Assets.xcassets */; };
		AD1511C828AB96DF00DC5620 /* LaunchScreen.storyboard in Resources */ = {isa = PBXBuildFile; fileRef = AD1511C628AB96DF00DC5620 /* LaunchScreen.storyboard */; };
		AD8D5B6928ADACF30081E8F5 /* NetworkManager.swift in Sources */ = {isa = PBXBuildFile; fileRef = AD8D5B6828ADACF30081E8F5 /* NetworkManager.swift */; };
		ADDB005E28AB9D1F00BA71F6 /* PhotoTableViewCell.swift in Sources */ = {isa = PBXBuildFile; fileRef = ADDB005D28AB9D1F00BA71F6 /* PhotoTableViewCell.swift */; };
		ADDB006128AB9FF400BA71F6 /* PhotoDetailViewController.swift in Sources */ = {isa = PBXBuildFile; fileRef = ADDB006028AB9FF400BA71F6 /* PhotoDetailViewController.swift */; };
		ADDB006728ABA0D200BA71F6 /* PhotoDetail.storyboard in Resources */ = {isa = PBXBuildFile; fileRef = ADDB006628ABA0D200BA71F6 /* PhotoDetail.storyboard */; };
		ADDB006A28ABC68400BA71F6 /* PhotosResponse.swift in Sources */ = {isa = PBXBuildFile; fileRef = ADDB006928ABC68400BA71F6 /* PhotosResponse.swift */; };
		ADDB006C28ABC6C700BA71F6 /* Photos.swift in Sources */ = {isa = PBXBuildFile; fileRef = ADDB006B28ABC6C700BA71F6 /* Photos.swift */; };
		ADDB006E28ABC8BC00BA71F6 /* Photo.swift in Sources */ = {isa = PBXBuildFile; fileRef = ADDB006D28ABC8BC00BA71F6 /* Photo.swift */; };
/* End PBXBuildFile section */

/* Begin PBXFileReference section */
		AD1511B828AB96DD00DC5620 /* Flickr Client App.app */ = {isa = PBXFileReference; explicitFileType = wrapper.application; includeInIndex = 0; path = "Flickr Client App.app"; sourceTree = BUILT_PRODUCTS_DIR; };
		AD1511BB28AB96DD00DC5620 /* AppDelegate.swift */ = {isa = PBXFileReference; lastKnownFileType = sourcecode.swift; path = AppDelegate.swift; sourceTree = "<group>"; };
		AD1511BD28AB96DD00DC5620 /* SceneDelegate.swift */ = {isa = PBXFileReference; lastKnownFileType = sourcecode.swift; path = SceneDelegate.swift; sourceTree = "<group>"; };
		AD1511BF28AB96DD00DC5620 /* RecentPhotosTableViewController.swift */ = {isa = PBXFileReference; lastKnownFileType = sourcecode.swift; path = RecentPhotosTableViewController.swift; sourceTree = "<group>"; };
		AD1511C228AB96DD00DC5620 /* Base */ = {isa = PBXFileReference; lastKnownFileType = file.storyboard; name = Base; path = Base.lproj/Main.storyboard; sourceTree = "<group>"; };
		AD1511C428AB96DF00DC5620 /* Assets.xcassets */ = {isa = PBXFileReference; lastKnownFileType = folder.assetcatalog; path = Assets.xcassets; sourceTree = "<group>"; };
		AD1511C728AB96DF00DC5620 /* Base */ = {isa = PBXFileReference; lastKnownFileType = file.storyboard; name = Base; path = Base.lproj/LaunchScreen.storyboard; sourceTree = "<group>"; };
		AD1511C928AB96DF00DC5620 /* Info.plist */ = {isa = PBXFileReference; lastKnownFileType = text.plist.xml; path = Info.plist; sourceTree = "<group>"; };
		AD8D5B6828ADACF30081E8F5 /* NetworkManager.swift */ = {isa = PBXFileReference; lastKnownFileType = sourcecode.swift; path = NetworkManager.swift; sourceTree = "<group>"; };
		ADDB005D28AB9D1F00BA71F6 /* PhotoTableViewCell.swift */ = {isa = PBXFileReference; lastKnownFileType = sourcecode.swift; path = PhotoTableViewCell.swift; sourceTree = "<group>"; };
		ADDB006028AB9FF400BA71F6 /* PhotoDetailViewController.swift */ = {isa = PBXFileReference; lastKnownFileType = sourcecode.swift; path = PhotoDetailViewController.swift; sourceTree = "<group>"; };
		ADDB006628ABA0D200BA71F6 /* PhotoDetail.storyboard */ = {isa = PBXFileReference; lastKnownFileType = file.storyboard; path = PhotoDetail.storyboard; sourceTree = "<group>"; };
		ADDB006928ABC68400BA71F6 /* PhotosResponse.swift */ = {isa = PBXFileReference; lastKnownFileType = sourcecode.swift; path = PhotosResponse.swift; sourceTree = "<group>"; };
		ADDB006B28ABC6C700BA71F6 /* Photos.swift */ = {isa = PBXFileReference; lastKnownFileType = sourcecode.swift; path = Photos.swift; sourceTree = "<group>"; };
		ADDB006D28ABC8BC00BA71F6 /* Photo.swift */ = {isa = PBXFileReference; lastKnownFileType = sourcecode.swift; path = Photo.swift; sourceTree = "<group>"; };
/* End PBXFileReference section */

/* Begin PBXFrameworksBuildPhase section */
		AD1511B528AB96DD00DC5620 /* Frameworks */ = {
			isa = PBXFrameworksBuildPhase;
			buildActionMask = 2147483647;
			files = (
			);
			runOnlyForDeploymentPostprocessing = 0;
		};
/* End PBXFrameworksBuildPhase section */

/* Begin PBXGroup section */
		AD1511AF28AB96DD00DC5620 = {
			isa = PBXGroup;
			children = (
				AD1511BA28AB96DD00DC5620 /* Flickr Client App */,
				AD1511B928AB96DD00DC5620 /* Products */,
			);
			sourceTree = "<group>";
		};
		AD1511B928AB96DD00DC5620 /* Products */ = {
			isa = PBXGroup;
			children = (
				AD1511B828AB96DD00DC5620 /* Flickr Client App.app */,
			);
			name = Products;
			sourceTree = "<group>";
		};
		AD1511BA28AB96DD00DC5620 /* Flickr Client App */ = {
			isa = PBXGroup;
			children = (
				AD1511D128AB970D00DC5620 /* App */,
				AD1511D028AB96FE00DC5620 /* Screens */,
				AD1511CF28AB96EF00DC5620 /* Supporting Files */,
			);
			path = "Flickr Client App";
			sourceTree = "<group>";
		};
		AD1511CF28AB96EF00DC5620 /* Supporting Files */ = {
			isa = PBXGroup;
			children = (
				AD1511C428AB96DF00DC5620 /* Assets.xcassets */,
				AD1511C628AB96DF00DC5620 /* LaunchScreen.storyboard */,
				AD1511C928AB96DF00DC5620 /* Info.plist */,
			);
			path = "Supporting Files";
			sourceTree = "<group>";
		};
		AD1511D028AB96FE00DC5620 /* Screens */ = {
			isa = PBXGroup;
			children = (
				ADDB005F28AB9FBA00BA71F6 /* PhotoDetail */,
				AD1511D228AB971D00DC5620 /* RecentPhotos */,
			);
			path = Screens;
			sourceTree = "<group>";
		};
		AD1511D128AB970D00DC5620 /* App */ = {
			isa = PBXGroup;
			children = (
				AD8D5B6628ADACBB0081E8F5 /* Core */,
				AD8D5B6528ADACAA0081E8F5 /* Delegates */,
			);
			path = App;
			sourceTree = "<group>";
		};
		AD1511D228AB971D00DC5620 /* RecentPhotos */ = {
			isa = PBXGroup;
			children = (
				ADDB006828ABC66600BA71F6 /* Model */,
				ADDB006328ABA04600BA71F6 /* Controller */,
				ADDB006228ABA03B00BA71F6 /* View */,
			);
			path = RecentPhotos;
			sourceTree = "<group>";
		};
		AD8D5B6528ADACAA0081E8F5 /* Delegates */ = {
			isa = PBXGroup;
			children = (
				AD1511BB28AB96DD00DC5620 /* AppDelegate.swift */,
				AD1511BD28AB96DD00DC5620 /* SceneDelegate.swift */,
			);
			path = Delegates;
			sourceTree = "<group>";
		};
		AD8D5B6628ADACBB0081E8F5 /* Core */ = {
			isa = PBXGroup;
			children = (
				AD8D5B6728ADACCF0081E8F5 /* Networking */,
			);
			path = Core;
			sourceTree = "<group>";
		};
		AD8D5B6728ADACCF0081E8F5 /* Networking */ = {
			isa = PBXGroup;
			children = (
				AD8D5B6828ADACF30081E8F5 /* NetworkManager.swift */,
			);
			path = Networking;
			sourceTree = "<group>";
		};
		ADDB005F28AB9FBA00BA71F6 /* PhotoDetail */ = {
			isa = PBXGroup;
			children = (
				ADDB006528ABA08000BA71F6 /* Controller */,
				ADDB006428ABA07900BA71F6 /* View */,
			);
			path = PhotoDetail;
			sourceTree = "<group>";
		};
		ADDB006228ABA03B00BA71F6 /* View */ = {
			isa = PBXGroup;
			children = (
				ADDB005D28AB9D1F00BA71F6 /* PhotoTableViewCell.swift */,
				AD1511C128AB96DD00DC5620 /* Main.storyboard */,
			);
			path = View;
			sourceTree = "<group>";
		};
		ADDB006328ABA04600BA71F6 /* Controller */ = {
			isa = PBXGroup;
			children = (
				AD1511BF28AB96DD00DC5620 /* RecentPhotosTableViewController.swift */,
			);
			path = Controller;
			sourceTree = "<group>";
		};
		ADDB006428ABA07900BA71F6 /* View */ = {
			isa = PBXGroup;
			children = (
				ADDB006628ABA0D200BA71F6 /* PhotoDetail.storyboard */,
			);
			path = View;
			sourceTree = "<group>";
		};
		ADDB006528ABA08000BA71F6 /* Controller */ = {
			isa = PBXGroup;
			children = (
				ADDB006028AB9FF400BA71F6 /* PhotoDetailViewController.swift */,
			);
			path = Controller;
			sourceTree = "<group>";
		};
		ADDB006828ABC66600BA71F6 /* Model */ = {
			isa = PBXGroup;
			children = (
				ADDB006928ABC68400BA71F6 /* PhotosResponse.swift */,
				ADDB006B28ABC6C700BA71F6 /* Photos.swift */,
				ADDB006D28ABC8BC00BA71F6 /* Photo.swift */,
			);
			path = Model;
			sourceTree = "<group>";
		};
/* End PBXGroup section */

/* Begin PBXNativeTarget section */
		AD1511B728AB96DD00DC5620 /* Flickr Client App */ = {
			isa = PBXNativeTarget;
			buildConfigurationList = AD1511CC28AB96DF00DC5620 /* Build configuration list for PBXNativeTarget "Flickr Client App" */;
			buildPhases = (
				AD1511B428AB96DD00DC5620 /* Sources */,
				AD1511B528AB96DD00DC5620 /* Frameworks */,
				AD1511B628AB96DD00DC5620 /* Resources */,
			);
			buildRules = (
			);
			dependencies = (
			);
			name = "Flickr Client App";
			productName = "Flickr Client App";
			productReference = AD1511B828AB96DD00DC5620 /* Flickr Client App.app */;
			productType = "com.apple.product-type.application";
		};
/* End PBXNativeTarget section */

/* Begin PBXProject section */
		AD1511B028AB96DD00DC5620 /* Project object */ = {
			isa = PBXProject;
			attributes = {
				BuildIndependentTargetsInParallel = 1;
				LastSwiftUpdateCheck = 1340;
				LastUpgradeCheck = 1340;
				TargetAttributes = {
					AD1511B728AB96DD00DC5620 = {
						CreatedOnToolsVersion = 13.4.1;
					};
				};
			};
			buildConfigurationList = AD1511B328AB96DD00DC5620 /* Build configuration list for PBXProject "Flickr Client App" */;
			compatibilityVersion = "Xcode 13.0";
			developmentRegion = en;
			hasScannedForEncodings = 0;
			knownRegions = (
				en,
				Base,
			);
			mainGroup = AD1511AF28AB96DD00DC5620;
			productRefGroup = AD1511B928AB96DD00DC5620 /* Products */;
			projectDirPath = "";
			projectRoot = "";
			targets = (
				AD1511B728AB96DD00DC5620 /* Flickr Client App */,
			);
		};
/* End PBXProject section */

/* Begin PBXResourcesBuildPhase section */
		AD1511B628AB96DD00DC5620 /* Resources */ = {
			isa = PBXResourcesBuildPhase;
			buildActionMask = 2147483647;
			files = (
				AD1511C828AB96DF00DC5620 /* LaunchScreen.storyboard in Resources */,
				AD1511C528AB96DF00DC5620 /* Assets.xcassets in Resources */,
				ADDB006728ABA0D200BA71F6 /* PhotoDetail.storyboard in Resources */,
				AD1511C328AB96DD00DC5620 /* Main.storyboard in Resources */,
			);
			runOnlyForDeploymentPostprocessing = 0;
		};
/* End PBXResourcesBuildPhase section */

/* Begin PBXSourcesBuildPhase section */
		AD1511B428AB96DD00DC5620 /* Sources */ = {
			isa = PBXSourcesBuildPhase;
			buildActionMask = 2147483647;
			files = (
				AD8D5B6928ADACF30081E8F5 /* NetworkManager.swift in Sources */,
				ADDB006E28ABC8BC00BA71F6 /* Photo.swift in Sources */,
				ADDB005E28AB9D1F00BA71F6 /* PhotoTableViewCell.swift in Sources */,
				AD1511C028AB96DD00DC5620 /* RecentPhotosTableViewController.swift in Sources */,
				AD1511BC28AB96DD00DC5620 /* AppDelegate.swift in Sources */,
				ADDB006A28ABC68400BA71F6 /* PhotosResponse.swift in Sources */,
				ADDB006128AB9FF400BA71F6 /* PhotoDetailViewController.swift in Sources */,
				AD1511BE28AB96DD00DC5620 /* SceneDelegate.swift in Sources */,
				ADDB006C28ABC6C700BA71F6 /* Photos.swift in Sources */,
			);
			runOnlyForDeploymentPostprocessing = 0;
		};
/* End PBXSourcesBuildPhase section */

/* Begin PBXVariantGroup section */
		AD1511C128AB96DD00DC5620 /* Main.storyboard */ = {
			isa = PBXVariantGroup;
			children = (
				AD1511C228AB96DD00DC5620 /* Base */,
			);
			name = Main.storyboard;
			sourceTree = "<group>";
		};
		AD1511C628AB96DF00DC5620 /* LaunchScreen.storyboard */ = {
			isa = PBXVariantGroup;
			children = (
				AD1511C728AB96DF00DC5620 /* Base */,
			);
			name = LaunchScreen.storyboard;
			sourceTree = "<group>";
		};
/* End PBXVariantGroup section */

/* Begin XCBuildConfiguration section */
		AD1511CA28AB96DF00DC5620 /* Debug */ = {
			isa = XCBuildConfiguration;
			buildSettings = {
				ALWAYS_SEARCH_USER_PATHS = NO;
				CLANG_ANALYZER_NONNULL = YES;
				CLANG_ANALYZER_NUMBER_OBJECT_CONVERSION = YES_AGGRESSIVE;
				CLANG_CXX_LANGUAGE_STANDARD = "gnu++17";
				CLANG_ENABLE_MODULES = YES;
				CLANG_ENABLE_OBJC_ARC = YES;
				CLANG_ENABLE_OBJC_WEAK = YES;
				CLANG_WARN_BLOCK_CAPTURE_AUTORELEASING = YES;
				CLANG_WARN_BOOL_CONVERSION = YES;
				CLANG_WARN_COMMA = YES;
				CLANG_WARN_CONSTANT_CONVERSION = YES;
				CLANG_WARN_DEPRECATED_OBJC_IMPLEMENTATIONS = YES;
				CLANG_WARN_DIRECT_OBJC_ISA_USAGE = YES_ERROR;
				CLANG_WARN_DOCUMENTATION_COMMENTS = YES;
				CLANG_WARN_EMPTY_BODY = YES;
				CLANG_WARN_ENUM_CONVERSION = YES;
				CLANG_WARN_INFINITE_RECURSION = YES;
				CLANG_WARN_INT_CONVERSION = YES;
				CLANG_WARN_NON_LITERAL_NULL_CONVERSION = YES;
				CLANG_WARN_OBJC_IMPLICIT_RETAIN_SELF = YES;
				CLANG_WARN_OBJC_LITERAL_CONVERSION = YES;
				CLANG_WARN_OBJC_ROOT_CLASS = YES_ERROR;
				CLANG_WARN_QUOTED_INCLUDE_IN_FRAMEWORK_HEADER = YES;
				CLANG_WARN_RANGE_LOOP_ANALYSIS = YES;
				CLANG_WARN_STRICT_PROTOTYPES = YES;
				CLANG_WARN_SUSPICIOUS_MOVE = YES;
				CLANG_WARN_UNGUARDED_AVAILABILITY = YES_AGGRESSIVE;
				CLANG_WARN_UNREACHABLE_CODE = YES;
				CLANG_WARN__DUPLICATE_METHOD_MATCH = YES;
				COPY_PHASE_STRIP = NO;
				DEBUG_INFORMATION_FORMAT = dwarf;
				ENABLE_STRICT_OBJC_MSGSEND = YES;
				ENABLE_TESTABILITY = YES;
				GCC_C_LANGUAGE_STANDARD = gnu11;
				GCC_DYNAMIC_NO_PIC = NO;
				GCC_NO_COMMON_BLOCKS = YES;
				GCC_OPTIMIZATION_LEVEL = 0;
				GCC_PREPROCESSOR_DEFINITIONS = (
					"DEBUG=1",
					"$(inherited)",
				);
				GCC_WARN_64_TO_32_BIT_CONVERSION = YES;
				GCC_WARN_ABOUT_RETURN_TYPE = YES_ERROR;
				GCC_WARN_UNDECLARED_SELECTOR = YES;
				GCC_WARN_UNINITIALIZED_AUTOS = YES_AGGRESSIVE;
				GCC_WARN_UNUSED_FUNCTION = YES;
				GCC_WARN_UNUSED_VARIABLE = YES;
				IPHONEOS_DEPLOYMENT_TARGET = 15.5;
				MTL_ENABLE_DEBUG_INFO = INCLUDE_SOURCE;
				MTL_FAST_MATH = YES;
				ONLY_ACTIVE_ARCH = YES;
				SDKROOT = iphoneos;
				SWIFT_ACTIVE_COMPILATION_CONDITIONS = DEBUG;
				SWIFT_OPTIMIZATION_LEVEL = "-Onone";
			};
			name = Debug;
		};
		AD1511CB28AB96DF00DC5620 /* Release */ = {
			isa = XCBuildConfiguration;
			buildSettings = {
				ALWAYS_SEARCH_USER_PATHS = NO;
				CLANG_ANALYZER_NONNULL = YES;
				CLANG_ANALYZER_NUMBER_OBJECT_CONVERSION = YES_AGGRESSIVE;
				CLANG_CXX_LANGUAGE_STANDARD = "gnu++17";
				CLANG_ENABLE_MODULES = YES;
				CLANG_ENABLE_OBJC_ARC = YES;
				CLANG_ENABLE_OBJC_WEAK = YES;
				CLANG_WARN_BLOCK_CAPTURE_AUTORELEASING = YES;
				CLANG_WARN_BOOL_CONVERSION = YES;
				CLANG_WARN_COMMA = YES;
				CLANG_WARN_CONSTANT_CONVERSION = YES;
				CLANG_WARN_DEPRECATED_OBJC_IMPLEMENTATIONS = YES;
				CLANG_WARN_DIRECT_OBJC_ISA_USAGE = YES_ERROR;
				CLANG_WARN_DOCUMENTATION_COMMENTS = YES;
				CLANG_WARN_EMPTY_BODY = YES;
				CLANG_WARN_ENUM_CONVERSION = YES;
				CLANG_WARN_INFINITE_RECURSION = YES;
				CLANG_WARN_INT_CONVERSION = YES;
				CLANG_WARN_NON_LITERAL_NULL_CONVERSION = YES;
				CLANG_WARN_OBJC_IMPLICIT_RETAIN_SELF = YES;
				CLANG_WARN_OBJC_LITERAL_CONVERSION = YES;
				CLANG_WARN_OBJC_ROOT_CLASS = YES_ERROR;
				CLANG_WARN_QUOTED_INCLUDE_IN_FRAMEWORK_HEADER = YES;
				CLANG_WARN_RANGE_LOOP_ANALYSIS = YES;
				CLANG_WARN_STRICT_PROTOTYPES = YES;
				CLANG_WARN_SUSPICIOUS_MOVE = YES;
				CLANG_WARN_UNGUARDED_AVAILABILITY = YES_AGGRESSIVE;
				CLANG_WARN_UNREACHABLE_CODE = YES;
				CLANG_WARN__DUPLICATE_METHOD_MATCH = YES;
				COPY_PHASE_STRIP = NO;
				DEBUG_INFORMATION_FORMAT = "dwarf-with-dsym";
				ENABLE_NS_ASSERTIONS = NO;
				ENABLE_STRICT_OBJC_MSGSEND = YES;
				GCC_C_LANGUAGE_STANDARD = gnu11;
				GCC_NO_COMMON_BLOCKS = YES;
				GCC_WARN_64_TO_32_BIT_CONVERSION = YES;
				GCC_WARN_ABOUT_RETURN_TYPE = YES_ERROR;
				GCC_WARN_UNDECLARED_SELECTOR = YES;
				GCC_WARN_UNINITIALIZED_AUTOS = YES_AGGRESSIVE;
				GCC_WARN_UNUSED_FUNCTION = YES;
				GCC_WARN_UNUSED_VARIABLE = YES;
				IPHONEOS_DEPLOYMENT_TARGET = 15.5;
				MTL_ENABLE_DEBUG_INFO = NO;
				MTL_FAST_MATH = YES;
				SDKROOT = iphoneos;
				SWIFT_COMPILATION_MODE = wholemodule;
				SWIFT_OPTIMIZATION_LEVEL = "-O";
				VALIDATE_PRODUCT = YES;
			};
			name = Release;
		};
		AD1511CD28AB96DF00DC5620 /* Debug */ = {
			isa = XCBuildConfiguration;
			buildSettings = {
				ASSETCATALOG_COMPILER_APPICON_NAME = AppIcon;
				ASSETCATALOG_COMPILER_GLOBAL_ACCENT_COLOR_NAME = AccentColor;
				CODE_SIGN_STYLE = Automatic;
				CURRENT_PROJECT_VERSION = 1;
				DEVELOPMENT_TEAM = FN4UH9Z6XK;
				GENERATE_INFOPLIST_FILE = YES;
				INFOPLIST_FILE = "Flickr Client App/Supporting Files/Info.plist";
				INFOPLIST_KEY_UIApplicationSupportsIndirectInputEvents = YES;
				INFOPLIST_KEY_UILaunchStoryboardName = LaunchScreen;
				INFOPLIST_KEY_UIMainStoryboardFile = Main;
				INFOPLIST_KEY_UISupportedInterfaceOrientations_iPad = "UIInterfaceOrientationPortrait UIInterfaceOrientationPortraitUpsideDown UIInterfaceOrientationLandscapeLeft UIInterfaceOrientationLandscapeRight";
				INFOPLIST_KEY_UISupportedInterfaceOrientations_iPhone = "UIInterfaceOrientationPortrait UIInterfaceOrientationLandscapeLeft UIInterfaceOrientationLandscapeRight";
				LD_RUNPATH_SEARCH_PATHS = (
					"$(inherited)",
					"@executable_path/Frameworks",
				);
				MARKETING_VERSION = 1.0;
				PRODUCT_BUNDLE_IDENTIFIER = "com.burakacik.Flickr-Client-App";
				PRODUCT_NAME = "$(TARGET_NAME)";
				SWIFT_EMIT_LOC_STRINGS = YES;
				SWIFT_VERSION = 5.0;
				TARGETED_DEVICE_FAMILY = 1;
			};
			name = Debug;
		};
		AD1511CE28AB96DF00DC5620 /* Release */ = {
			isa = XCBuildConfiguration;
			buildSettings = {
				ASSETCATALOG_COMPILER_APPICON_NAME = AppIcon;
				ASSETCATALOG_COMPILER_GLOBAL_ACCENT_COLOR_NAME = AccentColor;
				CODE_SIGN_STYLE = Automatic;
				CURRENT_PROJECT_VERSION = 1;
				DEVELOPMENT_TEAM = FN4UH9Z6XK;
				GENERATE_INFOPLIST_FILE = YES;
				INFOPLIST_FILE = "Flickr Client App/Supporting Files/Info.plist";
				INFOPLIST_KEY_UIApplicationSupportsIndirectInputEvents = YES;
				INFOPLIST_KEY_UILaunchStoryboardName = LaunchScreen;
				INFOPLIST_KEY_UIMainStoryboardFile = Main;
				INFOPLIST_KEY_UISupportedInterfaceOrientations_iPad = "UIInterfaceOrientationPortrait UIInterfaceOrientationPortraitUpsideDown UIInterfaceOrientationLandscapeLeft UIInterfaceOrientationLandscapeRight";
				INFOPLIST_KEY_UISupportedInterfaceOrientations_iPhone = "UIInterfaceOrientationPortrait UIInterfaceOrientationLandscapeLeft UIInterfaceOrientationLandscapeRight";
				LD_RUNPATH_SEARCH_PATHS = (
					"$(inherited)",
					"@executable_path/Frameworks",
				);
				MARKETING_VERSION = 1.0;
				PRODUCT_BUNDLE_IDENTIFIER = "com.burakacik.Flickr-Client-App";
				PRODUCT_NAME = "$(TARGET_NAME)";
				SWIFT_EMIT_LOC_STRINGS = YES;
				SWIFT_VERSION = 5.0;
				TARGETED_DEVICE_FAMILY = 1;
			};
			name = Release;
		};
/* End XCBuildConfiguration section */

/* Begin XCConfigurationList section */
		AD1511B328AB96DD00DC5620 /* Build configuration list for PBXProject "Flickr Client App" */ = {
			isa = XCConfigurationList;
			buildConfigurations = (
				AD1511CA28AB96DF00DC5620 /* Debug */,
				AD1511CB28AB96DF00DC5620 /* Release */,
			);
			defaultConfigurationIsVisible = 0;
			defaultConfigurationName = Release;
		};
		AD1511CC28AB96DF00DC5620 /* Build configuration list for PBXNativeTarget "Flickr Client App" */ = {
			isa = XCConfigurationList;
			buildConfigurations = (
				AD1511CD28AB96DF00DC5620 /* Debug */,
				AD1511CE28AB96DF00DC5620 /* Release */,
			);
			defaultConfigurationIsVisible = 0;
			defaultConfigurationName = Release;
		};
/* End XCConfigurationList section */
	};
	rootObject = AD1511B028AB96DD00DC5620 /* Project object */;
}
